
Microsoft Visual Studio Solution File, Format Version 12.00
# Visual Studio Version 16
VisualStudioVersion = 16.0.31702.278
MinimumVisualStudioVersion = 10.0.40219.1
Project("{FAE04EC0-301F-11D3-BF4B-00C04F79EFBC}") = "TakoLeaf", "TakoLeaf.csproj", "{53208848-2829-45AB-BD4C-7D793BCE3595}"
EndProject
Global
	GlobalSection(SolutionConfigurationPlatforms) = preSolution
		Debug|Any CPU = Debug|Any CPU
		Release|Any CPU = Release|Any CPU
	EndGlobalSection
	GlobalSection(ProjectConfigurationPlatforms) = postSolution
		{53208848-2829-45AB-BD4C-7D793BCE3595}.Debug|Any CPU.ActiveCfg = Debug|Any CPU
		{53208848-2829-45AB-BD4C-7D793BCE3595}.Debug|Any CPU.Build.0 = Debug|Any CPU
		{53208848-2829-45AB-BD4C-7D793BCE3595}.Release|Any CPU.ActiveCfg = Release|Any CPU
		{53208848-2829-45AB-BD4C-7D793BCE3595}.Release|Any CPU.Build.0 = Release|Any CPU
	EndGlobalSection
	GlobalSection(SolutionProperties) = preSolution
		HideSolutionNode = FALSE
	EndGlobalSection
	GlobalSection(ExtensibilityGlobals) = postSolution
		SolutionGuid = {758E5EC0-7336-4073-8C13-FDD4BA75C05D}
	EndGlobalSection
EndGlobal
